// !$*UTF8*$!
{
	archiveVersion = 1;
	classes = {
	};
	objectVersion = 56;
	objects = {

/* Begin PBXBuildFile section */
		A270667DF465BB786BC60C8C /* libPods-AFNetworking使用.a in Frameworks */ = {isa = PBXBuildFile; fileRef = C8E7B9494DA3ADE1F2874C45 /* libPods-AFNetworking使用.a */; };
		A2DDBB9A2AE23A7000CD9336 /* AppDelegate.m in Sources */ = {isa = PBXBuildFile; fileRef = A2DDBB992AE23A7000CD9336 /* AppDelegate.m */; };
		A2DDBB9D2AE23A7000CD9336 /* SceneDelegate.m in Sources */ = {isa = PBXBuildFile; fileRef = A2DDBB9C2AE23A7000CD9336 /* SceneDelegate.m */; };
		A2DDBBA02AE23A7000CD9336 /* ViewController.m in Sources */ = {isa = PBXBuildFile; fileRef = A2DDBB9F2AE23A7000CD9336 /* ViewController.m */; };
		A2DDBBA32AE23A7000CD9336 /* Main.storyboard in Resources */ = {isa = PBXBuildFile; fileRef = A2DDBBA12AE23A7000CD9336 /* Main.storyboard */; };
		A2DDBBA52AE23A7200CD9336 /* Assets.xcassets in Resources */ = {isa = PBXBuildFile; fileRef = A2DDBBA42AE23A7200CD9336 /* Assets.xcassets */; };
		A2DDBBA82AE23A7200CD9336 /* LaunchScreen.storyboard in Resources */ = {isa = PBXBuildFile; fileRef = A2DDBBA62AE23A7200CD9336 /* LaunchScreen.storyboard */; };
		A2DDBBAB2AE23A7200CD9336 /* main.m in Sources */ = {isa = PBXBuildFile; fileRef = A2DDBBAA2AE23A7200CD9336 /* main.m */; };
		A2DDBBB32AE29BF100CD9336 /* URLRequest.m in Sources */ = {isa = PBXBuildFile; fileRef = A2DDBBB22AE29BF100CD9336 /* URLRequest.m */; };
/* End PBXBuildFile section */

/* Begin PBXFileReference section */
		3E0139597F7EA1A2F290C278 /* Pods-AFNetworking使用.release.xcconfig */ = {isa = PBXFileReference; includeInIndex = 1; lastKnownFileType = text.xcconfig; name = "Pods-AFNetworking使用.release.xcconfig"; path = "Target Support Files/Pods-AFNetworking使用/Pods-AFNetworking使用.release.xcconfig"; sourceTree = "<group>"; };
		4FE0D74D0AD25BFBBF47BCCE /* Pods-AFNetworking使用.debug.xcconfig */ = {isa = PBXFileReference; includeInIndex = 1; lastKnownFileType = text.xcconfig; name = "Pods-AFNetworking使用.debug.xcconfig"; path = "Target Support Files/Pods-AFNetworking使用/Pods-AFNetworking使用.debug.xcconfig"; sourceTree = "<group>"; };
		A2DDBB952AE23A7000CD9336 /* AFNetworking使用.app */ = {isa = PBXFileReference; explicitFileType = wrapper.application; includeInIndex = 0; path = "AFNetworking使用.app"; sourceTree = BUILT_PRODUCTS_DIR; };
		A2DDBB982AE23A7000CD9336 /* AppDelegate.h */ = {isa = PBXFileReference; lastKnownFileType = sourcecode.c.h; path = AppDelegate.h; sourceTree = "<group>"; };
		A2DDBB992AE23A7000CD9336 /* AppDelegate.m */ = {isa = PBXFileReference; lastKnownFileType = sourcecode.c.objc; path = AppDelegate.m; sourceTree = "<group>"; };
		A2DDBB9B2AE23A7000CD9336 /* SceneDelegate.h */ = {isa = PBXFileReference; lastKnownFileType = sourcecode.c.h; path = SceneDelegate.h; sourceTree = "<group>"; };
		A2DDBB9C2AE23A7000CD9336 /* SceneDelegate.m */ = {isa = PBXFileReference; lastKnownFileType = sourcecode.c.objc; path = SceneDelegate.m; sourceTree = "<group>"; };
		A2DDBB9E2AE23A7000CD9336 /* ViewController.h */ = {isa = PBXFileReference; lastKnownFileType = sourcecode.c.h; path = ViewController.h; sourceTree = "<group>"; };
		A2DDBB9F2AE23A7000CD9336 /* ViewController.m */ = {isa = PBXFileReference; lastKnownFileType = sourcecode.c.objc; path = ViewController.m; sourceTree = "<group>"; };
		A2DDBBA22AE23A7000CD9336 /* Base */ = {isa = PBXFileReference; lastKnownFileType = file.storyboard; name = Base; path = Base.lproj/Main.storyboard; sourceTree = "<group>"; };
		A2DDBBA42AE23A7200CD9336 /* Assets.xcassets */ = {isa = PBXFileReference; lastKnownFileType = folder.assetcatalog; path = Assets.xcassets; sourceTree = "<group>"; };
		A2DDBBA72AE23A7200CD9336 /* Base */ = {isa = PBXFileReference; lastKnownFileType = file.storyboard; name = Base; path = Base.lproj/LaunchScreen.storyboard; sourceTree = "<group>"; };
		A2DDBBA92AE23A7200CD9336 /* Info.plist */ = {isa = PBXFileReference; lastKnownFileType = text.plist.xml; path = Info.plist; sourceTree = "<group>"; };
		A2DDBBAA2AE23A7200CD9336 /* main.m */ = {isa = PBXFileReference; lastKnownFileType = sourcecode.c.objc; path = main.m; sourceTree = "<group>"; };
		A2DDBBB12AE29BF100CD9336 /* URLRequest.h */ = {isa = PBXFileReference; lastKnownFileType = sourcecode.c.h; path = URLRequest.h; sourceTree = "<group>"; };
		A2DDBBB22AE29BF100CD9336 /* URLRequest.m */ = {isa = PBXFileReference; lastKnownFileType = sourcecode.c.objc; path = URLRequest.m; sourceTree = "<group>"; };
		C8E7B9494DA3ADE1F2874C45 /* libPods-AFNetworking使用.a */ = {isa = PBXFileReference; explicitFileType = archive.ar; includeInIndex = 0; path = "libPods-AFNetworking使用.a"; sourceTree = BUILT_PRODUCTS_DIR; };
/* End PBXFileReference section */

/* Begin PBXFrameworksBuildPhase section */
		A2DDBB922AE23A7000CD9336 /* Frameworks */ = {
			isa = PBXFrameworksBuildPhase;
			buildActionMask = 2147483647;
			files = (
				A270667DF465BB786BC60C8C /* libPods-AFNetworking使用.a in Frameworks */,
			);
			runOnlyForDeploymentPostprocessing = 0;
		};
/* End PBXFrameworksBuildPhase section */

/* Begin PBXGroup section */
		5FEEB99A445AB8D3ACD4AF01 /* Pods */ = {
			isa = PBXGroup;
			children = (
				4FE0D74D0AD25BFBBF47BCCE /* Pods-AFNetworking使用.debug.xcconfig */,
				3E0139597F7EA1A2F290C278 /* Pods-AFNetworking使用.release.xcconfig */,
			);
			path = Pods;
			sourceTree = "<group>";
		};
		A2DDBB8C2AE23A7000CD9336 = {
			isa = PBXGroup;
			children = (
				A2DDBB972AE23A7000CD9336 /* AFNetworking使用 */,
				A2DDBB962AE23A7000CD9336 /* Products */,
				5FEEB99A445AB8D3ACD4AF01 /* Pods */,
				ECC57F30C8B08A78074FF3E2 /* Frameworks */,
			);
			sourceTree = "<group>";
		};
		A2DDBB962AE23A7000CD9336 /* Products */ = {
			isa = PBXGroup;
			children = (
				A2DDBB952AE23A7000CD9336 /* AFNetworking使用.app */,
			);
			name = Products;
			sourceTree = "<group>";
		};
		A2DDBB972AE23A7000CD9336 /* AFNetworking使用 */ = {
			isa = PBXGroup;
			children = (
				A2DDBB982AE23A7000CD9336 /* AppDelegate.h */,
				A2DDBB992AE23A7000CD9336 /* AppDelegate.m */,
				A2DDBB9B2AE23A7000CD9336 /* SceneDelegate.h */,
				A2DDBB9C2AE23A7000CD9336 /* SceneDelegate.m */,
				A2DDBB9E2AE23A7000CD9336 /* ViewController.h */,
				A2DDBB9F2AE23A7000CD9336 /* ViewController.m */,
				A2DDBBB12AE29BF100CD9336 /* URLRequest.h */,
				A2DDBBB22AE29BF100CD9336 /* URLRequest.m */,
				A2DDBBA12AE23A7000CD9336 /* Main.storyboard */,
				A2DDBBA42AE23A7200CD9336 /* Assets.xcassets */,
				A2DDBBA62AE23A7200CD9336 /* LaunchScreen.storyboard */,
				A2DDBBA92AE23A7200CD9336 /* Info.plist */,
				A2DDBBAA2AE23A7200CD9336 /* main.m */,
			);
			path = "AFNetworking使用";
			sourceTree = "<group>";
		};
		ECC57F30C8B08A78074FF3E2 /* Frameworks */ = {
			isa = PBXGroup;
			children = (
				C8E7B9494DA3ADE1F2874C45 /* libPods-AFNetworking使用.a */,
			);
			name = Frameworks;
			sourceTree = "<group>";
		};
/* End PBXGroup section */

/* Begin PBXNativeTarget section */
		A2DDBB942AE23A7000CD9336 /* AFNetworking使用 */ = {
			isa = PBXNativeTarget;
			buildConfigurationList = A2DDBBAE2AE23A7200CD9336 /* Build configuration list for PBXNativeTarget "AFNetworking使用" */;
			buildPhases = (
				68246A25A526A6BD2B1433BD /* [CP] Check Pods Manifest.lock */,
				A2DDBB912AE23A7000CD9336 /* Sources */,
				A2DDBB922AE23A7000CD9336 /* Frameworks */,
				A2DDBB932AE23A7000CD9336 /* Resources */,
			);
			buildRules = (
			);
			dependencies = (
			);
			name = "AFNetworking使用";
			productName = "AFNetworking使用";
			productReference = A2DDBB952AE23A7000CD9336 /* AFNetworking使用.app */;
			productType = "com.apple.product-type.application";
		};
/* End PBXNativeTarget section */

/* Begin PBXProject section */
		A2DDBB8D2AE23A7000CD9336 /* Project object */ = {
			isa = PBXProject;
			attributes = {
				BuildIndependentTargetsInParallel = 1;
				LastUpgradeCheck = 1430;
				TargetAttributes = {
					A2DDBB942AE23A7000CD9336 = {
						CreatedOnToolsVersion = 14.3;
					};
				};
			};
			buildConfigurationList = A2DDBB902AE23A7000CD9336 /* Build configuration list for PBXProject "AFNetworking使用" */;
			compatibilityVersion = "Xcode 14.0";
			developmentRegion = en;
			hasScannedForEncodings = 0;
			knownRegions = (
				en,
				Base,
			);
			mainGroup = A2DDBB8C2AE23A7000CD9336;
			productRefGroup = A2DDBB962AE23A7000CD9336 /* Products */;
			projectDirPath = "";
			projectRoot = "";
			targets = (
				A2DDBB942AE23A7000CD9336 /* AFNetworking使用 */,
			);
		};
/* End PBXProject section */

/* Begin PBXResourcesBuildPhase section */
		A2DDBB932AE23A7000CD9336 /* Resources */ = {
			isa = PBXResourcesBuildPhase;
			buildActionMask = 2147483647;
			files = (
				A2DDBBA82AE23A7200CD9336 /* LaunchScreen.storyboard in Resources */,
				A2DDBBA52AE23A7200CD9336 /* Assets.xcassets in Resources */,
				A2DDBBA32AE23A7000CD9336 /* Main.storyboard in Resources */,
			);
			runOnlyForDeploymentPostprocessing = 0;
		};
/* End PBXResourcesBuildPhase section */

/* Begin PBXShellScriptBuildPhase section */
		68246A25A526A6BD2B1433BD /* [CP] Check Pods Manifest.lock */ = {
			isa = PBXShellScriptBuildPhase;
			buildActionMask = 2147483647;
			files = (
			);
			inputFileListPaths = (
			);
			inputPaths = (
				"${PODS_PODFILE_DIR_PATH}/Podfile.lock",
				"${PODS_ROOT}/Manifest.lock",
			);
			name = "[CP] Check Pods Manifest.lock";
			outputFileListPaths = (
			);
			outputPaths = (
				"$(DERIVED_FILE_DIR)/Pods-AFNetworking使用-checkManifestLockResult.txt",
			);
			runOnlyForDeploymentPostprocessing = 0;
			shellPath = /bin/sh;
			shellScript = "diff \"${PODS_PODFILE_DIR_PATH}/Podfile.lock\" \"${PODS_ROOT}/Manifest.lock\" > /dev/null\nif [ $? != 0 ] ; then\n    # print error to STDERR\n    echo \"error: The sandbox is not in sync with the Podfile.lock. Run 'pod install' or update your CocoaPods installation.\" >&2\n    exit 1\nfi\n# This output is used by Xcode 'outputs' to avoid re-running this script phase.\necho \"SUCCESS\" > \"${SCRIPT_OUTPUT_FILE_0}\"\n";
			showEnvVarsInLog = 0;
		};
/* End PBXShellScriptBuildPhase section */

/* Begin PBXSourcesBuildPhase section */
		A2DDBB912AE23A7000CD9336 /* Sources */ = {
			isa = PBXSourcesBuildPhase;
			buildActionMask = 2147483647;
			files = (
				A2DDBBA02AE23A7000CD9336 /* ViewController.m in Sources */,
				A2DDBB9A2AE23A7000CD9336 /* AppDelegate.m in Sources */,
				A2DDBBB32AE29BF100CD9336 /* URLRequest.m in Sources */,
				A2DDBBAB2AE23A7200CD9336 /* main.m in Sources */,
				A2DDBB9D2AE23A7000CD9336 /* SceneDelegate.m in Sources */,
			);
			runOnlyForDeploymentPostprocessing = 0;
		};
/* End PBXSourcesBuildPhase section */

/* Begin PBXVariantGroup section */
		A2DDBBA12AE23A7000CD9336 /* Main.storyboard */ = {
			isa = PBXVariantGroup;
			children = (
				A2DDBBA22AE23A7000CD9336 /* Base */,
			);
			name = Main.storyboard;
			sourceTree = "<group>";
		};
		A2DDBBA62AE23A7200CD9336 /* LaunchScreen.storyboard */ = {
			isa = PBXVariantGroup;
			children = (
				A2DDBBA72AE23A7200CD9336 /* Base */,
			);
			name = LaunchScreen.storyboard;
			sourceTree = "<group>";
		};
/* End PBXVariantGroup section */

/* Begin XCBuildConfiguration section */
		A2DDBBAC2AE23A7200CD9336 /* Debug */ = {
			isa = XCBuildConfiguration;
			buildSettings = {
				ALWAYS_SEARCH_USER_PATHS = NO;
				CLANG_ANALYZER_NONNULL = YES;
				CLANG_ANALYZER_NUMBER_OBJECT_CONVERSION = YES_AGGRESSIVE;
				CLANG_CXX_LANGUAGE_STANDARD = "gnu++20";
				CLANG_ENABLE_MODULES = YES;
				CLANG_ENABLE_OBJC_ARC = YES;
				CLANG_ENABLE_OBJC_WEAK = YES;
				CLANG_WARN_BLOCK_CAPTURE_AUTORELEASING = YES;
				CLANG_WARN_BOOL_CONVERSION = YES;
				CLANG_WARN_COMMA = YES;
				CLANG_WARN_CONSTANT_CONVERSION = YES;
				CLANG_WARN_DEPRECATED_OBJC_IMPLEMENTATIONS = YES;
				CLANG_WARN_DIRECT_OBJC_ISA_USAGE = YES_ERROR;
				CLANG_WARN_DOCUMENTATION_COMMENTS = YES;
				CLANG_WARN_EMPTY_BODY = YES;
				CLANG_WARN_ENUM_CONVERSION = YES;
				CLANG_WARN_INFINITE_RECURSION = YES;
				CLANG_WARN_INT_CONVERSION = YES;
				CLANG_WARN_NON_LITERAL_NULL_CONVERSION = YES;
				CLANG_WARN_OBJC_IMPLICIT_RETAIN_SELF = YES;
				CLANG_WARN_OBJC_LITERAL_CONVERSION = YES;
				CLANG_WARN_OBJC_ROOT_CLASS = YES_ERROR;
				CLANG_WARN_QUOTED_INCLUDE_IN_FRAMEWORK_HEADER = YES;
				CLANG_WARN_RANGE_LOOP_ANALYSIS = YES;
				CLANG_WARN_STRICT_PROTOTYPES = YES;
				CLANG_WARN_SUSPICIOUS_MOVE = YES;
				CLANG_WARN_UNGUARDED_AVAILABILITY = YES_AGGRESSIVE;
				CLANG_WARN_UNREACHABLE_CODE = YES;
				CLANG_WARN__DUPLICATE_METHOD_MATCH = YES;
				COPY_PHASE_STRIP = NO;
				DEBUG_INFORMATION_FORMAT = dwarf;
				ENABLE_STRICT_OBJC_MSGSEND = YES;
				ENABLE_TESTABILITY = YES;
				GCC_C_LANGUAGE_STANDARD = gnu11;
				GCC_DYNAMIC_NO_PIC = NO;
				GCC_NO_COMMON_BLOCKS = YES;
				GCC_OPTIMIZATION_LEVEL = 0;
				GCC_PREPROCESSOR_DEFINITIONS = (
					"DEBUG=1",
					"$(inherited)",
				);
				GCC_WARN_64_TO_32_BIT_CONVERSION = YES;
				GCC_WARN_ABOUT_RETURN_TYPE = YES_ERROR;
				GCC_WARN_UNDECLARED_SELECTOR = YES;
				GCC_WARN_UNINITIALIZED_AUTOS = YES_AGGRESSIVE;
				GCC_WARN_UNUSED_FUNCTION = YES;
				GCC_WARN_UNUSED_VARIABLE = YES;
				IPHONEOS_DEPLOYMENT_TARGET = 16.4;
				MTL_ENABLE_DEBUG_INFO = INCLUDE_SOURCE;
				MTL_FAST_MATH = YES;
				ONLY_ACTIVE_ARCH = YES;
				SDKROOT = iphoneos;
			};
			name = Debug;
		};
		A2DDBBAD2AE23A7200CD9336 /* Release */ = {
			isa = XCBuildConfiguration;
			buildSettings = {
				ALWAYS_SEARCH_USER_PATHS = NO;
				CLANG_ANALYZER_NONNULL = YES;
				CLANG_ANALYZER_NUMBER_OBJECT_CONVERSION = YES_AGGRESSIVE;
				CLANG_CXX_LANGUAGE_STANDARD = "gnu++20";
				CLANG_ENABLE_MODULES = YES;
				CLANG_ENABLE_OBJC_ARC = YES;
				CLANG_ENABLE_OBJC_WEAK = YES;
				CLANG_WARN_BLOCK_CAPTURE_AUTORELEASING = YES;
				CLANG_WARN_BOOL_CONVERSION = YES;
				CLANG_WARN_COMMA = YES;
				CLANG_WARN_CONSTANT_CONVERSION = YES;
				CLANG_WARN_DEPRECATED_OBJC_IMPLEMENTATIONS = YES;
				CLANG_WARN_DIRECT_OBJC_ISA_USAGE = YES_ERROR;
				CLANG_WARN_DOCUMENTATION_COMMENTS = YES;
				CLANG_WARN_EMPTY_BODY = YES;
				CLANG_WARN_ENUM_CONVERSION = YES;
				CLANG_WARN_INFINITE_RECURSION = YES;
				CLANG_WARN_INT_CONVERSION = YES;
				CLANG_WARN_NON_LITERAL_NULL_CONVERSION = YES;
				CLANG_WARN_OBJC_IMPLICIT_RETAIN_SELF = YES;
				CLANG_WARN_OBJC_LITERAL_CONVERSION = YES;
				CLANG_WARN_OBJC_ROOT_CLASS = YES_ERROR;
				CLANG_WARN_QUOTED_INCLUDE_IN_FRAMEWORK_HEADER = YES;
				CLANG_WARN_RANGE_LOOP_ANALYSIS = YES;
				CLANG_WARN_STRICT_PROTOTYPES = YES;
				CLANG_WARN_SUSPICIOUS_MOVE = YES;
				CLANG_WARN_UNGUARDED_AVAILABILITY = YES_AGGRESSIVE;
				CLANG_WARN_UNREACHABLE_CODE = YES;
				CLANG_WARN__DUPLICATE_METHOD_MATCH = YES;
				COPY_PHASE_STRIP = NO;
				DEBUG_INFORMATION_FORMAT = "dwarf-with-dsym";
				ENABLE_NS_ASSERTIONS = NO;
				ENABLE_STRICT_OBJC_MSGSEND = YES;
				GCC_C_LANGUAGE_STANDARD = gnu11;
				GCC_NO_COMMON_BLOCKS = YES;
				GCC_WARN_64_TO_32_BIT_CONVERSION = YES;
				GCC_WARN_ABOUT_RETURN_TYPE = YES_ERROR;
				GCC_WARN_UNDECLARED_SELECTOR = YES;
				GCC_WARN_UNINITIALIZED_AUTOS = YES_AGGRESSIVE;
				GCC_WARN_UNUSED_FUNCTION = YES;
				GCC_WARN_UNUSED_VARIABLE = YES;
				IPHONEOS_DEPLOYMENT_TARGET = 16.4;
				MTL_ENABLE_DEBUG_INFO = NO;
				MTL_FAST_MATH = YES;
				SDKROOT = iphoneos;
				VALIDATE_PRODUCT = YES;
			};
			name = Release;
		};
		A2DDBBAF2AE23A7200CD9336 /* Debug */ = {
			isa = XCBuildConfiguration;
			baseConfigurationReference = 4FE0D74D0AD25BFBBF47BCCE /* Pods-AFNetworking使用.debug.xcconfig */;
			buildSettings = {
				ASSETCATALOG_COMPILER_APPICON_NAME = AppIcon;
				ASSETCATALOG_COMPILER_GLOBAL_ACCENT_COLOR_NAME = AccentColor;
				CODE_SIGN_STYLE = Automatic;
				CURRENT_PROJECT_VERSION = 1;
				GENERATE_INFOPLIST_FILE = YES;
				INFOPLIST_FILE = "AFNetworking使用/Info.plist";
				INFOPLIST_KEY_UIApplicationSupportsIndirectInputEvents = YES;
				INFOPLIST_KEY_UILaunchStoryboardName = LaunchScreen;
				INFOPLIST_KEY_UIMainStoryboardFile = Main;
				INFOPLIST_KEY_UISupportedInterfaceOrientations_iPad = "UIInterfaceOrientationPortrait UIInterfaceOrientationPortraitUpsideDown UIInterfaceOrientationLandscapeLeft UIInterfaceOrientationLandscapeRight";
				INFOPLIST_KEY_UISupportedInterfaceOrientations_iPhone = "UIInterfaceOrientationPortrait UIInterfaceOrientationLandscapeLeft UIInterfaceOrientationLandscapeRight";
				LD_RUNPATH_SEARCH_PATHS = (
					"$(inherited)",
					"@executable_path/Frameworks",
				);
				MARKETING_VERSION = 1.0;
				PRODUCT_BUNDLE_IDENTIFIER = "-.AFNetworking--";
				PRODUCT_NAME = "$(TARGET_NAME)";
				SWIFT_EMIT_LOC_STRINGS = YES;
				TARGETED_DEVICE_FAMILY = "1,2";
			};
			name = Debug;
		};
		A2DDBBB02AE23A7200CD9336 /* Release */ = {
			isa = XCBuildConfiguration;
			baseConfigurationReference = 3E0139597F7EA1A2F290C278 /* Pods-AFNetworking使用.release.xcconfig */;
			buildSettings = {
				ASSETCATALOG_COMPILER_APPICON_NAME = AppIcon;
				ASSETCATALOG_COMPILER_GLOBAL_ACCENT_COLOR_NAME = AccentColor;
				CODE_SIGN_STYLE = Automatic;
				CURRENT_PROJECT_VERSION = 1;
				GENERATE_INFOPLIST_FILE = YES;
				INFOPLIST_FILE = "AFNetworking使用/Info.plist";
				INFOPLIST_KEY_UIApplicationSupportsIndirectInputEvents = YES;
				INFOPLIST_KEY_UILaunchStoryboardName = LaunchScreen;
				INFOPLIST_KEY_UIMainStoryboardFile = Main;
				INFOPLIST_KEY_UISupportedInterfaceOrientations_iPad = "UIInterfaceOrientationPortrait UIInterfaceOrientationPortraitUpsideDown UIInterfaceOrientationLandscapeLeft UIInterfaceOrientationLandscapeRight";
				INFOPLIST_KEY_UISupportedInterfaceOrientations_iPhone = "UIInterfaceOrientationPortrait UIInterfaceOrientationLandscapeLeft UIInterfaceOrientationLandscapeRight";
				LD_RUNPATH_SEARCH_PATHS = (
					"$(inherited)",
					"@executable_path/Frameworks",
				);
				MARKETING_VERSION = 1.0;
				PRODUCT_BUNDLE_IDENTIFIER = "-.AFNetworking--";
				PRODUCT_NAME = "$(TARGET_NAME)";
				SWIFT_EMIT_LOC_STRINGS = YES;
				TARGETED_DEVICE_FAMILY = "1,2";
			};
			name = Release;
		};
/* End XCBuildConfiguration section */

/* Begin XCConfigurationList section */
		A2DDBB902AE23A7000CD9336 /* Build configuration list for PBXProject "AFNetworking使用" */ = {
			isa = XCConfigurationList;
			buildConfigurations = (
				A2DDBBAC2AE23A7200CD9336 /* Debug */,
				A2DDBBAD2AE23A7200CD9336 /* Release */,
			);
			defaultConfigurationIsVisible = 0;
			defaultConfigurationName = Release;
		};
		A2DDBBAE2AE23A7200CD9336 /* Build configuration list for PBXNativeTarget "AFNetworking使用" */ = {
			isa = XCConfigurationList;
			buildConfigurations = (
				A2DDBBAF2AE23A7200CD9336 /* Debug */,
				A2DDBBB02AE23A7200CD9336 /* Release */,
			);
			defaultConfigurationIsVisible = 0;
			defaultConfigurationName = Release;
		};
/* End XCConfigurationList section */
	};
	rootObject = A2DDBB8D2AE23A7000CD9336 /* Project object */;
}
