// !$*UTF8*$!
{
	archiveVersion = 1;
	classes = {
	};
	objectVersion = 56;
	objects = {

/* Begin PBXBuildFile section */
		A27A78022AD705FD00C03CBD /* AppDelegate.m in Sources */ = {isa = PBXBuildFile; fileRef = A27A78012AD705FD00C03CBD /* AppDelegate.m */; };
		A27A78052AD705FD00C03CBD /* SceneDelegate.m in Sources */ = {isa = PBXBuildFile; fileRef = A27A78042AD705FD00C03CBD /* SceneDelegate.m */; };
		A27A78082AD705FD00C03CBD /* ViewController.m in Sources */ = {isa = PBXBuildFile; fileRef = A27A78072AD705FD00C03CBD /* ViewController.m */; };
		A27A780B2AD705FD00C03CBD /* Main.storyboard in Resources */ = {isa = PBXBuildFile; fileRef = A27A78092AD705FD00C03CBD /* Main.storyboard */; };
		A27A780D2AD705FF00C03CBD /* Assets.xcassets in Resources */ = {isa = PBXBuildFile; fileRef = A27A780C2AD705FF00C03CBD /* Assets.xcassets */; };
		A27A78102AD705FF00C03CBD /* LaunchScreen.storyboard in Resources */ = {isa = PBXBuildFile; fileRef = A27A780E2AD705FF00C03CBD /* LaunchScreen.storyboard */; };
		A27A78132AD705FF00C03CBD /* main.m in Sources */ = {isa = PBXBuildFile; fileRef = A27A78122AD705FF00C03CBD /* main.m */; };
		A27A781E2AD70B8500C03CBD /* dongtai.png in Resources */ = {isa = PBXBuildFile; fileRef = A27A781D2AD70B8500C03CBD /* dongtai.png */; };
		A27A78202AD70B8C00C03CBD /* haoyou.png in Resources */ = {isa = PBXBuildFile; fileRef = A27A781F2AD70B8B00C03CBD /* haoyou.png */; };
		A27A78222AD70B9200C03CBD /* shouye.png in Resources */ = {isa = PBXBuildFile; fileRef = A27A78212AD70B9200C03CBD /* shouye.png */; };
		A27A78242AD70B9600C03CBD /* wode.png in Resources */ = {isa = PBXBuildFile; fileRef = A27A78232AD70B9600C03CBD /* wode.png */; };
/* End PBXBuildFile section */

/* Begin PBXFileReference section */
		A27A77FD2AD705FD00C03CBD /* TabBar样式页面.app */ = {isa = PBXFileReference; explicitFileType = wrapper.application; includeInIndex = 0; path = "TabBar样式页面.app"; sourceTree = BUILT_PRODUCTS_DIR; };
		A27A78002AD705FD00C03CBD /* AppDelegate.h */ = {isa = PBXFileReference; lastKnownFileType = sourcecode.c.h; path = AppDelegate.h; sourceTree = "<group>"; };
		A27A78012AD705FD00C03CBD /* AppDelegate.m */ = {isa = PBXFileReference; lastKnownFileType = sourcecode.c.objc; path = AppDelegate.m; sourceTree = "<group>"; };
		A27A78032AD705FD00C03CBD /* SceneDelegate.h */ = {isa = PBXFileReference; lastKnownFileType = sourcecode.c.h; path = SceneDelegate.h; sourceTree = "<group>"; };
		A27A78042AD705FD00C03CBD /* SceneDelegate.m */ = {isa = PBXFileReference; lastKnownFileType = sourcecode.c.objc; path = SceneDelegate.m; sourceTree = "<group>"; };
		A27A78062AD705FD00C03CBD /* ViewController.h */ = {isa = PBXFileReference; lastKnownFileType = sourcecode.c.h; path = ViewController.h; sourceTree = "<group>"; };
		A27A78072AD705FD00C03CBD /* ViewController.m */ = {isa = PBXFileReference; lastKnownFileType = sourcecode.c.objc; path = ViewController.m; sourceTree = "<group>"; };
		A27A780A2AD705FD00C03CBD /* Base */ = {isa = PBXFileReference; lastKnownFileType = file.storyboard; name = Base; path = Base.lproj/Main.storyboard; sourceTree = "<group>"; };
		A27A780C2AD705FF00C03CBD /* Assets.xcassets */ = {isa = PBXFileReference; lastKnownFileType = folder.assetcatalog; path = Assets.xcassets; sourceTree = "<group>"; };
		A27A780F2AD705FF00C03CBD /* Base */ = {isa = PBXFileReference; lastKnownFileType = file.storyboard; name = Base; path = Base.lproj/LaunchScreen.storyboard; sourceTree = "<group>"; };
		A27A78112AD705FF00C03CBD /* Info.plist */ = {isa = PBXFileReference; lastKnownFileType = text.plist.xml; path = Info.plist; sourceTree = "<group>"; };
		A27A78122AD705FF00C03CBD /* main.m */ = {isa = PBXFileReference; lastKnownFileType = sourcecode.c.objc; path = main.m; sourceTree = "<group>"; };
		A27A781D2AD70B8500C03CBD /* dongtai.png */ = {isa = PBXFileReference; lastKnownFileType = image.png; path = dongtai.png; sourceTree = "<group>"; };
		A27A781F2AD70B8B00C03CBD /* haoyou.png */ = {isa = PBXFileReference; lastKnownFileType = image.png; path = haoyou.png; sourceTree = "<group>"; };
		A27A78212AD70B9200C03CBD /* shouye.png */ = {isa = PBXFileReference; lastKnownFileType = image.png; path = shouye.png; sourceTree = "<group>"; };
		A27A78232AD70B9600C03CBD /* wode.png */ = {isa = PBXFileReference; lastKnownFileType = image.png; path = wode.png; sourceTree = "<group>"; };
/* End PBXFileReference section */

/* Begin PBXFrameworksBuildPhase section */
		A27A77FA2AD705FD00C03CBD /* Frameworks */ = {
			isa = PBXFrameworksBuildPhase;
			buildActionMask = 2147483647;
			files = (
			);
			runOnlyForDeploymentPostprocessing = 0;
		};
/* End PBXFrameworksBuildPhase section */

/* Begin PBXGroup section */
		A27A77F42AD705FD00C03CBD = {
			isa = PBXGroup;
			children = (
				A27A781F2AD70B8B00C03CBD /* haoyou.png */,
				A27A781D2AD70B8500C03CBD /* dongtai.png */,
				A27A78212AD70B9200C03CBD /* shouye.png */,
				A27A78232AD70B9600C03CBD /* wode.png */,
				A27A77FF2AD705FD00C03CBD /* TabBar样式页面 */,
				A27A77FE2AD705FD00C03CBD /* Products */,
			);
			sourceTree = "<group>";
		};
		A27A77FE2AD705FD00C03CBD /* Products */ = {
			isa = PBXGroup;
			children = (
				A27A77FD2AD705FD00C03CBD /* TabBar样式页面.app */,
			);
			name = Products;
			sourceTree = "<group>";
		};
		A27A77FF2AD705FD00C03CBD /* TabBar样式页面 */ = {
			isa = PBXGroup;
			children = (
				A27A78002AD705FD00C03CBD /* AppDelegate.h */,
				A27A78012AD705FD00C03CBD /* AppDelegate.m */,
				A27A78032AD705FD00C03CBD /* SceneDelegate.h */,
				A27A78042AD705FD00C03CBD /* SceneDelegate.m */,
				A27A78062AD705FD00C03CBD /* ViewController.h */,
				A27A78072AD705FD00C03CBD /* ViewController.m */,
				A27A78092AD705FD00C03CBD /* Main.storyboard */,
				A27A780C2AD705FF00C03CBD /* Assets.xcassets */,
				A27A780E2AD705FF00C03CBD /* LaunchScreen.storyboard */,
				A27A78112AD705FF00C03CBD /* Info.plist */,
				A27A78122AD705FF00C03CBD /* main.m */,
			);
			path = "TabBar样式页面";
			sourceTree = "<group>";
		};
/* End PBXGroup section */

/* Begin PBXNativeTarget section */
		A27A77FC2AD705FD00C03CBD /* TabBar样式页面 */ = {
			isa = PBXNativeTarget;
			buildConfigurationList = A27A78162AD705FF00C03CBD /* Build configuration list for PBXNativeTarget "TabBar样式页面" */;
			buildPhases = (
				A27A77F92AD705FD00C03CBD /* Sources */,
				A27A77FA2AD705FD00C03CBD /* Frameworks */,
				A27A77FB2AD705FD00C03CBD /* Resources */,
			);
			buildRules = (
			);
			dependencies = (
			);
			name = "TabBar样式页面";
			productName = "TabBar样式页面";
			productReference = A27A77FD2AD705FD00C03CBD /* TabBar样式页面.app */;
			productType = "com.apple.product-type.application";
		};
/* End PBXNativeTarget section */

/* Begin PBXProject section */
		A27A77F52AD705FD00C03CBD /* Project object */ = {
			isa = PBXProject;
			attributes = {
				BuildIndependentTargetsInParallel = 1;
				LastUpgradeCheck = 1430;
				TargetAttributes = {
					A27A77FC2AD705FD00C03CBD = {
						CreatedOnToolsVersion = 14.3;
					};
				};
			};
			buildConfigurationList = A27A77F82AD705FD00C03CBD /* Build configuration list for PBXProject "TabBar样式页面" */;
			compatibilityVersion = "Xcode 14.0";
			developmentRegion = en;
			hasScannedForEncodings = 0;
			knownRegions = (
				en,
				Base,
			);
			mainGroup = A27A77F42AD705FD00C03CBD;
			productRefGroup = A27A77FE2AD705FD00C03CBD /* Products */;
			projectDirPath = "";
			projectRoot = "";
			targets = (
				A27A77FC2AD705FD00C03CBD /* TabBar样式页面 */,
			);
		};
/* End PBXProject section */

/* Begin PBXResourcesBuildPhase section */
		A27A77FB2AD705FD00C03CBD /* Resources */ = {
			isa = PBXResourcesBuildPhase;
			buildActionMask = 2147483647;
			files = (
				A27A78222AD70B9200C03CBD /* shouye.png in Resources */,
				A27A78102AD705FF00C03CBD /* LaunchScreen.storyboard in Resources */,
				A27A78202AD70B8C00C03CBD /* haoyou.png in Resources */,
				A27A781E2AD70B8500C03CBD /* dongtai.png in Resources */,
				A27A780D2AD705FF00C03CBD /* Assets.xcassets in Resources */,
				A27A780B2AD705FD00C03CBD /* Main.storyboard in Resources */,
				A27A78242AD70B9600C03CBD /* wode.png in Resources */,
			);
			runOnlyForDeploymentPostprocessing = 0;
		};
/* End PBXResourcesBuildPhase section */

/* Begin PBXSourcesBuildPhase section */
		A27A77F92AD705FD00C03CBD /* Sources */ = {
			isa = PBXSourcesBuildPhase;
			buildActionMask = 2147483647;
			files = (
				A27A78082AD705FD00C03CBD /* ViewController.m in Sources */,
				A27A78022AD705FD00C03CBD /* AppDelegate.m in Sources */,
				A27A78132AD705FF00C03CBD /* main.m in Sources */,
				A27A78052AD705FD00C03CBD /* SceneDelegate.m in Sources */,
			);
			runOnlyForDeploymentPostprocessing = 0;
		};
/* End PBXSourcesBuildPhase section */

/* Begin PBXVariantGroup section */
		A27A78092AD705FD00C03CBD /* Main.storyboard */ = {
			isa = PBXVariantGroup;
			children = (
				A27A780A2AD705FD00C03CBD /* Base */,
			);
			name = Main.storyboard;
			sourceTree = "<group>";
		};
		A27A780E2AD705FF00C03CBD /* LaunchScreen.storyboard */ = {
			isa = PBXVariantGroup;
			children = (
				A27A780F2AD705FF00C03CBD /* Base */,
			);
			name = LaunchScreen.storyboard;
			sourceTree = "<group>";
		};
/* End PBXVariantGroup section */

/* Begin XCBuildConfiguration section */
		A27A78142AD705FF00C03CBD /* Debug */ = {
			isa = XCBuildConfiguration;
			buildSettings = {
				ALWAYS_SEARCH_USER_PATHS = NO;
				CLANG_ANALYZER_NONNULL = YES;
				CLANG_ANALYZER_NUMBER_OBJECT_CONVERSION = YES_AGGRESSIVE;
				CLANG_CXX_LANGUAGE_STANDARD = "gnu++20";
				CLANG_ENABLE_MODULES = YES;
				CLANG_ENABLE_OBJC_ARC = YES;
				CLANG_ENABLE_OBJC_WEAK = YES;
				CLANG_WARN_BLOCK_CAPTURE_AUTORELEASING = YES;
				CLANG_WARN_BOOL_CONVERSION = YES;
				CLANG_WARN_COMMA = YES;
				CLANG_WARN_CONSTANT_CONVERSION = YES;
				CLANG_WARN_DEPRECATED_OBJC_IMPLEMENTATIONS = YES;
				CLANG_WARN_DIRECT_OBJC_ISA_USAGE = YES_ERROR;
				CLANG_WARN_DOCUMENTATION_COMMENTS = YES;
				CLANG_WARN_EMPTY_BODY = YES;
				CLANG_WARN_ENUM_CONVERSION = YES;
				CLANG_WARN_INFINITE_RECURSION = YES;
				CLANG_WARN_INT_CONVERSION = YES;
				CLANG_WARN_NON_LITERAL_NULL_CONVERSION = YES;
				CLANG_WARN_OBJC_IMPLICIT_RETAIN_SELF = YES;
				CLANG_WARN_OBJC_LITERAL_CONVERSION = YES;
				CLANG_WARN_OBJC_ROOT_CLASS = YES_ERROR;
				CLANG_WARN_QUOTED_INCLUDE_IN_FRAMEWORK_HEADER = YES;
				CLANG_WARN_RANGE_LOOP_ANALYSIS = YES;
				CLANG_WARN_STRICT_PROTOTYPES = YES;
				CLANG_WARN_SUSPICIOUS_MOVE = YES;
				CLANG_WARN_UNGUARDED_AVAILABILITY = YES_AGGRESSIVE;
				CLANG_WARN_UNREACHABLE_CODE = YES;
				CLANG_WARN__DUPLICATE_METHOD_MATCH = YES;
				COPY_PHASE_STRIP = NO;
				DEBUG_INFORMATION_FORMAT = dwarf;
				ENABLE_STRICT_OBJC_MSGSEND = YES;
				ENABLE_TESTABILITY = YES;
				GCC_C_LANGUAGE_STANDARD = gnu11;
				GCC_DYNAMIC_NO_PIC = NO;
				GCC_NO_COMMON_BLOCKS = YES;
				GCC_OPTIMIZATION_LEVEL = 0;
				GCC_PREPROCESSOR_DEFINITIONS = (
					"DEBUG=1",
					"$(inherited)",
				);
				GCC_WARN_64_TO_32_BIT_CONVERSION = YES;
				GCC_WARN_ABOUT_RETURN_TYPE = YES_ERROR;
				GCC_WARN_UNDECLARED_SELECTOR = YES;
				GCC_WARN_UNINITIALIZED_AUTOS = YES_AGGRESSIVE;
				GCC_WARN_UNUSED_FUNCTION = YES;
				GCC_WARN_UNUSED_VARIABLE = YES;
				IPHONEOS_DEPLOYMENT_TARGET = 16.4;
				MTL_ENABLE_DEBUG_INFO = INCLUDE_SOURCE;
				MTL_FAST_MATH = YES;
				ONLY_ACTIVE_ARCH = YES;
				SDKROOT = iphoneos;
			};
			name = Debug;
		};
		A27A78152AD705FF00C03CBD /* Release */ = {
			isa = XCBuildConfiguration;
			buildSettings = {
				ALWAYS_SEARCH_USER_PATHS = NO;
				CLANG_ANALYZER_NONNULL = YES;
				CLANG_ANALYZER_NUMBER_OBJECT_CONVERSION = YES_AGGRESSIVE;
				CLANG_CXX_LANGUAGE_STANDARD = "gnu++20";
				CLANG_ENABLE_MODULES = YES;
				CLANG_ENABLE_OBJC_ARC = YES;
				CLANG_ENABLE_OBJC_WEAK = YES;
				CLANG_WARN_BLOCK_CAPTURE_AUTORELEASING = YES;
				CLANG_WARN_BOOL_CONVERSION = YES;
				CLANG_WARN_COMMA = YES;
				CLANG_WARN_CONSTANT_CONVERSION = YES;
				CLANG_WARN_DEPRECATED_OBJC_IMPLEMENTATIONS = YES;
				CLANG_WARN_DIRECT_OBJC_ISA_USAGE = YES_ERROR;
				CLANG_WARN_DOCUMENTATION_COMMENTS = YES;
				CLANG_WARN_EMPTY_BODY = YES;
				CLANG_WARN_ENUM_CONVERSION = YES;
				CLANG_WARN_INFINITE_RECURSION = YES;
				CLANG_WARN_INT_CONVERSION = YES;
				CLANG_WARN_NON_LITERAL_NULL_CONVERSION = YES;
				CLANG_WARN_OBJC_IMPLICIT_RETAIN_SELF = YES;
				CLANG_WARN_OBJC_LITERAL_CONVERSION = YES;
				CLANG_WARN_OBJC_ROOT_CLASS = YES_ERROR;
				CLANG_WARN_QUOTED_INCLUDE_IN_FRAMEWORK_HEADER = YES;
				CLANG_WARN_RANGE_LOOP_ANALYSIS = YES;
				CLANG_WARN_STRICT_PROTOTYPES = YES;
				CLANG_WARN_SUSPICIOUS_MOVE = YES;
				CLANG_WARN_UNGUARDED_AVAILABILITY = YES_AGGRESSIVE;
				CLANG_WARN_UNREACHABLE_CODE = YES;
				CLANG_WARN__DUPLICATE_METHOD_MATCH = YES;
				COPY_PHASE_STRIP = NO;
				DEBUG_INFORMATION_FORMAT = "dwarf-with-dsym";
				ENABLE_NS_ASSERTIONS = NO;
				ENABLE_STRICT_OBJC_MSGSEND = YES;
				GCC_C_LANGUAGE_STANDARD = gnu11;
				GCC_NO_COMMON_BLOCKS = YES;
				GCC_WARN_64_TO_32_BIT_CONVERSION = YES;
				GCC_WARN_ABOUT_RETURN_TYPE = YES_ERROR;
				GCC_WARN_UNDECLARED_SELECTOR = YES;
				GCC_WARN_UNINITIALIZED_AUTOS = YES_AGGRESSIVE;
				GCC_WARN_UNUSED_FUNCTION = YES;
				GCC_WARN_UNUSED_VARIABLE = YES;
				IPHONEOS_DEPLOYMENT_TARGET = 16.4;
				MTL_ENABLE_DEBUG_INFO = NO;
				MTL_FAST_MATH = YES;
				SDKROOT = iphoneos;
				VALIDATE_PRODUCT = YES;
			};
			name = Release;
		};
		A27A78172AD705FF00C03CBD /* Debug */ = {
			isa = XCBuildConfiguration;
			buildSettings = {
				ASSETCATALOG_COMPILER_APPICON_NAME = AppIcon;
				ASSETCATALOG_COMPILER_GLOBAL_ACCENT_COLOR_NAME = AccentColor;
				CODE_SIGN_STYLE = Automatic;
				CURRENT_PROJECT_VERSION = 1;
				GENERATE_INFOPLIST_FILE = YES;
				INFOPLIST_FILE = "TabBar样式页面/Info.plist";
				INFOPLIST_KEY_UIApplicationSupportsIndirectInputEvents = YES;
				INFOPLIST_KEY_UILaunchStoryboardName = LaunchScreen;
				INFOPLIST_KEY_UIMainStoryboardFile = Main;
				INFOPLIST_KEY_UISupportedInterfaceOrientations_iPad = "UIInterfaceOrientationPortrait UIInterfaceOrientationPortraitUpsideDown UIInterfaceOrientationLandscapeLeft UIInterfaceOrientationLandscapeRight";
				INFOPLIST_KEY_UISupportedInterfaceOrientations_iPhone = "UIInterfaceOrientationPortrait UIInterfaceOrientationLandscapeLeft UIInterfaceOrientationLandscapeRight";
				LD_RUNPATH_SEARCH_PATHS = (
					"$(inherited)",
					"@executable_path/Frameworks",
				);
				MARKETING_VERSION = 1.0;
				PRODUCT_BUNDLE_IDENTIFIER = "-.TabBar----";
				PRODUCT_NAME = "$(TARGET_NAME)";
				SWIFT_EMIT_LOC_STRINGS = YES;
				TARGETED_DEVICE_FAMILY = "1,2";
			};
			name = Debug;
		};
		A27A78182AD705FF00C03CBD /* Release */ = {
			isa = XCBuildConfiguration;
			buildSettings = {
				ASSETCATALOG_COMPILER_APPICON_NAME = AppIcon;
				ASSETCATALOG_COMPILER_GLOBAL_ACCENT_COLOR_NAME = AccentColor;
				CODE_SIGN_STYLE = Automatic;
				CURRENT_PROJECT_VERSION = 1;
				GENERATE_INFOPLIST_FILE = YES;
				INFOPLIST_FILE = "TabBar样式页面/Info.plist";
				INFOPLIST_KEY_UIApplicationSupportsIndirectInputEvents = YES;
				INFOPLIST_KEY_UILaunchStoryboardName = LaunchScreen;
				INFOPLIST_KEY_UIMainStoryboardFile = Main;
				INFOPLIST_KEY_UISupportedInterfaceOrientations_iPad = "UIInterfaceOrientationPortrait UIInterfaceOrientationPortraitUpsideDown UIInterfaceOrientationLandscapeLeft UIInterfaceOrientationLandscapeRight";
				INFOPLIST_KEY_UISupportedInterfaceOrientations_iPhone = "UIInterfaceOrientationPortrait UIInterfaceOrientationLandscapeLeft UIInterfaceOrientationLandscapeRight";
				LD_RUNPATH_SEARCH_PATHS = (
					"$(inherited)",
					"@executable_path/Frameworks",
				);
				MARKETING_VERSION = 1.0;
				PRODUCT_BUNDLE_IDENTIFIER = "-.TabBar----";
				PRODUCT_NAME = "$(TARGET_NAME)";
				SWIFT_EMIT_LOC_STRINGS = YES;
				TARGETED_DEVICE_FAMILY = "1,2";
			};
			name = Release;
		};
/* End XCBuildConfiguration section */

/* Begin XCConfigurationList section */
		A27A77F82AD705FD00C03CBD /* Build configuration list for PBXProject "TabBar样式页面" */ = {
			isa = XCConfigurationList;
			buildConfigurations = (
				A27A78142AD705FF00C03CBD /* Debug */,
				A27A78152AD705FF00C03CBD /* Release */,
			);
			defaultConfigurationIsVisible = 0;
			defaultConfigurationName = Release;
		};
		A27A78162AD705FF00C03CBD /* Build configuration list for PBXNativeTarget "TabBar样式页面" */ = {
			isa = XCConfigurationList;
			buildConfigurations = (
				A27A78172AD705FF00C03CBD /* Debug */,
				A27A78182AD705FF00C03CBD /* Release */,
			);
			defaultConfigurationIsVisible = 0;
			defaultConfigurationName = Release;
		};
/* End XCConfigurationList section */
	};
	rootObject = A27A77F52AD705FD00C03CBD /* Project object */;
}
